
Microsoft Visual Studio Solution File, Format Version 12.00
# Visual Studio Version 17
VisualStudioVersion = 17.0.31903.59
MinimumVisualStudioVersion = 10.0.40219.1
Project("{2150E333-8FDC-42A3-9474-1A3956D46DE8}") = "Bff.Auth0", "Bff.Auth0", "{38E49F8C-C664-4A1B-8FE7-95F9855AEF1B}"
EndProject
Project("{2150E333-8FDC-42A3-9474-1A3956D46DE8}") = "Bff.OpenIdConnect", "Bff.OpenIdConnect", "{EE04429D-4B0B-4A40-9A32-23A5F159EE32}"
EndProject
Project("{FAE04EC0-301F-11D3-BF4B-00C04F79EFBC}") = "GoCloudNative.Bff.Authentication", "GoCloudNative.Bff.Authentication\GoCloudNative.Bff.Authentication.csproj", "{D6501532-390E-4D8A-8650-2B8ED1E6D532}"
EndProject
Project("{FAE04EC0-301F-11D3-BF4B-00C04F79EFBC}") = "GoCloudNative.Bff.Authentication.Tests", "GoCloudNative.Bff.Authentication.Tests\GoCloudNative.Bff.Authentication.Tests.csproj", "{04270509-572D-4D70-B2DE-37CF8D573EAC}"
EndProject
Project("{FAE04EC0-301F-11D3-BF4B-00C04F79EFBC}") = "GoCloudNative.Bff.Authentication.Auth0", "Auth0\GoCloudNative.Bff.Authentication.Auth0\GoCloudNative.Bff.Authentication.Auth0.csproj", "{EDAABEB7-BBAE-49DA-86A8-EB3C5540B86C}"
EndProject
Project("{FAE04EC0-301F-11D3-BF4B-00C04F79EFBC}") = "GoCloudNative.Bff.Authentication.OpenIdConnect", "OpenIdConnect\GoCloudNative.Bff.Authentication.OpenIdConnect\GoCloudNative.Bff.Authentication.OpenIdConnect.csproj", "{939D1A70-69FF-4B49-97F5-7B5358C39246}"
EndProject
Project("{FAE04EC0-301F-11D3-BF4B-00C04F79EFBC}") = "GoCloudNative.Bff.Authentication.OpenIdConnect.Tests", "OpenIdConnect\GoCloudNative.Bff.Authentication.OpenIdConnect.Tests\GoCloudNative.Bff.Authentication.OpenIdConnect.Tests.csproj", "{9B73B2AB-1F22-49DE-AB92-574963BD2C4E}"
EndProject
Project("{FAE04EC0-301F-11D3-BF4B-00C04F79EFBC}") = "GoCloudNative.Bff.Authentication.OpenIdConnect.Tests.TestServer", "OpenIdConnect\GoCloudNative.Bff.Authentication.OpenIdConnect.Tests.TestServer\GoCloudNative.Bff.Authentication.OpenIdConnect.Tests.TestServer.csproj", "{875271E5-DA4D-4FED-AAE6-E2E3D60D40CA}"
EndProject
Project("{FAE04EC0-301F-11D3-BF4B-00C04F79EFBC}") = "Host", "Host\Host.csproj", "{789D484D-ECF3-46B4-8DDE-6DF13074CF24}"
EndProject
Global
	GlobalSection(SolutionConfigurationPlatforms) = preSolution
		Debug|Any CPU = Debug|Any CPU
		Release|Any CPU = Release|Any CPU
	EndGlobalSection
	GlobalSection(SolutionProperties) = preSolution
		HideSolutionNode = FALSE
	EndGlobalSection
	GlobalSection(ProjectConfigurationPlatforms) = postSolution
		{D6501532-390E-4D8A-8650-2B8ED1E6D532}.Debug|Any CPU.ActiveCfg = Debug|Any CPU
		{D6501532-390E-4D8A-8650-2B8ED1E6D532}.Debug|Any CPU.Build.0 = Debug|Any CPU
		{D6501532-390E-4D8A-8650-2B8ED1E6D532}.Release|Any CPU.ActiveCfg = Release|Any CPU
		{D6501532-390E-4D8A-8650-2B8ED1E6D532}.Release|Any CPU.Build.0 = Release|Any CPU
		{04270509-572D-4D70-B2DE-37CF8D573EAC}.Debug|Any CPU.ActiveCfg = Debug|Any CPU
		{04270509-572D-4D70-B2DE-37CF8D573EAC}.Debug|Any CPU.Build.0 = Debug|Any CPU
		{04270509-572D-4D70-B2DE-37CF8D573EAC}.Release|Any CPU.ActiveCfg = Release|Any CPU
		{04270509-572D-4D70-B2DE-37CF8D573EAC}.Release|Any CPU.Build.0 = Release|Any CPU
		{EDAABEB7-BBAE-49DA-86A8-EB3C5540B86C}.Debug|Any CPU.ActiveCfg = Debug|Any CPU
		{EDAABEB7-BBAE-49DA-86A8-EB3C5540B86C}.Debug|Any CPU.Build.0 = Debug|Any CPU
		{EDAABEB7-BBAE-49DA-86A8-EB3C5540B86C}.Release|Any CPU.ActiveCfg = Release|Any CPU
		{EDAABEB7-BBAE-49DA-86A8-EB3C5540B86C}.Release|Any CPU.Build.0 = Release|Any CPU
		{939D1A70-69FF-4B49-97F5-7B5358C39246}.Debug|Any CPU.ActiveCfg = Debug|Any CPU
		{939D1A70-69FF-4B49-97F5-7B5358C39246}.Debug|Any CPU.Build.0 = Debug|Any CPU
		{939D1A70-69FF-4B49-97F5-7B5358C39246}.Release|Any CPU.ActiveCfg = Release|Any CPU
		{939D1A70-69FF-4B49-97F5-7B5358C39246}.Release|Any CPU.Build.0 = Release|Any CPU
		{9B73B2AB-1F22-49DE-AB92-574963BD2C4E}.Debug|Any CPU.ActiveCfg = Debug|Any CPU
		{9B73B2AB-1F22-49DE-AB92-574963BD2C4E}.Debug|Any CPU.Build.0 = Debug|Any CPU
		{9B73B2AB-1F22-49DE-AB92-574963BD2C4E}.Release|Any CPU.ActiveCfg = Release|Any CPU
		{9B73B2AB-1F22-49DE-AB92-574963BD2C4E}.Release|Any CPU.Build.0 = Release|Any CPU
		{875271E5-DA4D-4FED-AAE6-E2E3D60D40CA}.Debug|Any CPU.ActiveCfg = Debug|Any CPU
		{875271E5-DA4D-4FED-AAE6-E2E3D60D40CA}.Debug|Any CPU.Build.0 = Debug|Any CPU
		{875271E5-DA4D-4FED-AAE6-E2E3D60D40CA}.Release|Any CPU.ActiveCfg = Release|Any CPU
		{875271E5-DA4D-4FED-AAE6-E2E3D60D40CA}.Release|Any CPU.Build.0 = Release|Any CPU
		{789D484D-ECF3-46B4-8DDE-6DF13074CF24}.Debug|Any CPU.ActiveCfg = Debug|Any CPU
		{789D484D-ECF3-46B4-8DDE-6DF13074CF24}.Debug|Any CPU.Build.0 = Debug|Any CPU
		{789D484D-ECF3-46B4-8DDE-6DF13074CF24}.Release|Any CPU.ActiveCfg = Release|Any CPU
		{789D484D-ECF3-46B4-8DDE-6DF13074CF24}.Release|Any CPU.Build.0 = Release|Any CPU
	EndGlobalSection
	GlobalSection(NestedProjects) = preSolution
		{EDAABEB7-BBAE-49DA-86A8-EB3C5540B86C} = {38E49F8C-C664-4A1B-8FE7-95F9855AEF1B}
		{939D1A70-69FF-4B49-97F5-7B5358C39246} = {EE04429D-4B0B-4A40-9A32-23A5F159EE32}
		{9B73B2AB-1F22-49DE-AB92-574963BD2C4E} = {EE04429D-4B0B-4A40-9A32-23A5F159EE32}
		{875271E5-DA4D-4FED-AAE6-E2E3D60D40CA} = {EE04429D-4B0B-4A40-9A32-23A5F159EE32}
	EndGlobalSection
EndGlobal
