
Microsoft Visual Studio Solution File, Format Version 12.00
# Visual Studio Version 17
VisualStudioVersion = 17.0.31903.59
MinimumVisualStudioVersion = 10.0.40219.1
Project("{FAE04EC0-301F-11D3-BF4B-00C04F79EFBC}") = "OidcProxy.Net", "src\OidcProxy.Net\OidcProxy.Net.csproj", "{D6501532-390E-4D8A-8650-2B8ED1E6D532}"
EndProject
Project("{FAE04EC0-301F-11D3-BF4B-00C04F79EFBC}") = "OidcProxy.Net.Tests", "unittests\OidcProxy.Net.Tests\OidcProxy.Net.Tests.csproj", "{04270509-572D-4D70-B2DE-37CF8D573EAC}"
EndProject
Project("{FAE04EC0-301F-11D3-BF4B-00C04F79EFBC}") = "OidcProxy.Net.Auth0", "src\OidcProxy.Net.Auth0\OidcProxy.Net.Auth0.csproj", "{EDAABEB7-BBAE-49DA-86A8-EB3C5540B86C}"
EndProject
Project("{FAE04EC0-301F-11D3-BF4B-00C04F79EFBC}") = "OidcProxy.Net.OpenIdConnect", "src\OidcProxy.Net.OpenIdConnect\OidcProxy.Net.OpenIdConnect.csproj", "{939D1A70-69FF-4B49-97F5-7B5358C39246}"
EndProject
Project("{FAE04EC0-301F-11D3-BF4B-00C04F79EFBC}") = "OidcProxy.Net.OpenIdConnect.Tests", "unittests\OidcProxy.Net.OpenIdConnect.Tests\OidcProxy.Net.OpenIdConnect.Tests.csproj", "{9B73B2AB-1F22-49DE-AB92-574963BD2C4E}"
EndProject
Project("{FAE04EC0-301F-11D3-BF4B-00C04F79EFBC}") = "OidcProxy.Net.OpenIdConnect.Tests.TestServer", "unittests\OidcProxy.Net.OpenIdConnect.Tests.TestServer\OidcProxy.Net.OpenIdConnect.Tests.TestServer.csproj", "{875271E5-DA4D-4FED-AAE6-E2E3D60D40CA}"
EndProject
Project("{FAE04EC0-301F-11D3-BF4B-00C04F79EFBC}") = "Host.TestApps.EntraId", "integrationtests\Host.TestApps.EntraId\Host.TestApps.EntraId.csproj", "{789D484D-ECF3-46B4-8DDE-6DF13074CF24}"
EndProject
Project("{FAE04EC0-301F-11D3-BF4B-00C04F79EFBC}") = "OidcProxy.Net.EntraId", "src\OidcProxy.Net.EntraId\OidcProxy.Net.EntraId.csproj", "{B0427177-EE01-4EBB-A2E7-FF6A4B00F8F9}"
EndProject
Project("{FAE04EC0-301F-11D3-BF4B-00C04F79EFBC}") = "OidcProxy.Net.Auth0.Tests", "unittests\OidcProxy.Net.Auth0.Tests\OidcProxy.Net.Auth0.Tests.csproj", "{AEA82840-02BE-4E9D-A506-FD2634D01EF1}"
EndProject
Project("{FAE04EC0-301F-11D3-BF4B-00C04F79EFBC}") = "OidcProxy.Net.AzureAd.Tests", "unittests\OidcProxy.Net.AzureAd.Tests\OidcProxy.Net.AzureAd.Tests.csproj", "{E0EA9B61-39D3-42F5-ADED-B79FD925E71F}"
EndProject
Project("{2150E333-8FDC-42A3-9474-1A3956D46DE8}") = "src", "src", "{7438F193-5991-4E44-8B54-8C4431278291}"
EndProject
Project("{2150E333-8FDC-42A3-9474-1A3956D46DE8}") = "unittests", "unittests", "{A865FC0F-47B5-48AD-9848-719693B6E467}"
EndProject
Project("{2150E333-8FDC-42A3-9474-1A3956D46DE8}") = "integrationtests", "integrationtests", "{26033EED-BDE3-4F1F-B71D-3175D7D156DB}"
EndProject
Project("{FAE04EC0-301F-11D3-BF4B-00C04F79EFBC}") = "Host.TestApps.Echo", "integrationtests\Host.TestApps.Echo\Host.TestApps.Echo.csproj", "{3D19853D-0BC0-4569-BCEE-B2DF5F591449}"
EndProject
Project("{FAE04EC0-301F-11D3-BF4B-00C04F79EFBC}") = "Host.TestApps.Auth0.IntegrationTests", "integrationtests\Host.TestApps.Auth0.IntegrationTests\Host.TestApps.Auth0.IntegrationTests.csproj", "{3E7B4D61-FE9A-406D-ADE4-E603428DCE4D}"
EndProject
Project("{FAE04EC0-301F-11D3-BF4B-00C04F79EFBC}") = "Host.TestApps.Auth0", "integrationtests\Host.TestApps.Auth0\Host.TestApps.Auth0.csproj", "{E84614B1-186B-4034-9565-B4E4238409AB}"
EndProject
Project("{FAE04EC0-301F-11D3-BF4B-00C04F79EFBC}") = "Host.TestApps.OpenIdDict", "integrationtests\Host.TestApps.OpenIdDict\Host.TestApps.OpenIdDict.csproj", "{A0B01CDE-0E2C-4244-9CD6-322BA0CE435F}"
EndProject
Project("{FAE04EC0-301F-11D3-BF4B-00C04F79EFBC}") = "Host.TestApps.IntegrationTests", "integrationtests\Host.TestApps.IntegrationTests\Host.TestApps.IntegrationTests.csproj", "{503E273A-39BA-420E-A602-DEDFDBF32AC8}"
EndProject
Global
	GlobalSection(SolutionConfigurationPlatforms) = preSolution
		Debug|Any CPU = Debug|Any CPU
		Release|Any CPU = Release|Any CPU
	EndGlobalSection
	GlobalSection(SolutionProperties) = preSolution
		HideSolutionNode = FALSE
	EndGlobalSection
	GlobalSection(ProjectConfigurationPlatforms) = postSolution
		{D6501532-390E-4D8A-8650-2B8ED1E6D532}.Debug|Any CPU.ActiveCfg = Debug|Any CPU
		{D6501532-390E-4D8A-8650-2B8ED1E6D532}.Debug|Any CPU.Build.0 = Debug|Any CPU
		{D6501532-390E-4D8A-8650-2B8ED1E6D532}.Release|Any CPU.ActiveCfg = Release|Any CPU
		{D6501532-390E-4D8A-8650-2B8ED1E6D532}.Release|Any CPU.Build.0 = Release|Any CPU
		{04270509-572D-4D70-B2DE-37CF8D573EAC}.Debug|Any CPU.ActiveCfg = Debug|Any CPU
		{04270509-572D-4D70-B2DE-37CF8D573EAC}.Debug|Any CPU.Build.0 = Debug|Any CPU
		{04270509-572D-4D70-B2DE-37CF8D573EAC}.Release|Any CPU.ActiveCfg = Release|Any CPU
		{04270509-572D-4D70-B2DE-37CF8D573EAC}.Release|Any CPU.Build.0 = Release|Any CPU
		{EDAABEB7-BBAE-49DA-86A8-EB3C5540B86C}.Debug|Any CPU.ActiveCfg = Debug|Any CPU
		{EDAABEB7-BBAE-49DA-86A8-EB3C5540B86C}.Debug|Any CPU.Build.0 = Debug|Any CPU
		{EDAABEB7-BBAE-49DA-86A8-EB3C5540B86C}.Release|Any CPU.ActiveCfg = Release|Any CPU
		{EDAABEB7-BBAE-49DA-86A8-EB3C5540B86C}.Release|Any CPU.Build.0 = Release|Any CPU
		{939D1A70-69FF-4B49-97F5-7B5358C39246}.Debug|Any CPU.ActiveCfg = Debug|Any CPU
		{939D1A70-69FF-4B49-97F5-7B5358C39246}.Debug|Any CPU.Build.0 = Debug|Any CPU
		{939D1A70-69FF-4B49-97F5-7B5358C39246}.Release|Any CPU.ActiveCfg = Release|Any CPU
		{939D1A70-69FF-4B49-97F5-7B5358C39246}.Release|Any CPU.Build.0 = Release|Any CPU
		{9B73B2AB-1F22-49DE-AB92-574963BD2C4E}.Debug|Any CPU.ActiveCfg = Debug|Any CPU
		{9B73B2AB-1F22-49DE-AB92-574963BD2C4E}.Debug|Any CPU.Build.0 = Debug|Any CPU
		{9B73B2AB-1F22-49DE-AB92-574963BD2C4E}.Release|Any CPU.ActiveCfg = Release|Any CPU
		{9B73B2AB-1F22-49DE-AB92-574963BD2C4E}.Release|Any CPU.Build.0 = Release|Any CPU
		{875271E5-DA4D-4FED-AAE6-E2E3D60D40CA}.Debug|Any CPU.ActiveCfg = Debug|Any CPU
		{875271E5-DA4D-4FED-AAE6-E2E3D60D40CA}.Debug|Any CPU.Build.0 = Debug|Any CPU
		{875271E5-DA4D-4FED-AAE6-E2E3D60D40CA}.Release|Any CPU.ActiveCfg = Release|Any CPU
		{875271E5-DA4D-4FED-AAE6-E2E3D60D40CA}.Release|Any CPU.Build.0 = Release|Any CPU
		{789D484D-ECF3-46B4-8DDE-6DF13074CF24}.Debug|Any CPU.ActiveCfg = Debug|Any CPU
		{789D484D-ECF3-46B4-8DDE-6DF13074CF24}.Debug|Any CPU.Build.0 = Debug|Any CPU
		{789D484D-ECF3-46B4-8DDE-6DF13074CF24}.Release|Any CPU.ActiveCfg = Release|Any CPU
		{789D484D-ECF3-46B4-8DDE-6DF13074CF24}.Release|Any CPU.Build.0 = Release|Any CPU
		{B0427177-EE01-4EBB-A2E7-FF6A4B00F8F9}.Debug|Any CPU.ActiveCfg = Debug|Any CPU
		{B0427177-EE01-4EBB-A2E7-FF6A4B00F8F9}.Debug|Any CPU.Build.0 = Debug|Any CPU
		{B0427177-EE01-4EBB-A2E7-FF6A4B00F8F9}.Release|Any CPU.ActiveCfg = Release|Any CPU
		{B0427177-EE01-4EBB-A2E7-FF6A4B00F8F9}.Release|Any CPU.Build.0 = Release|Any CPU
		{AEA82840-02BE-4E9D-A506-FD2634D01EF1}.Debug|Any CPU.ActiveCfg = Debug|Any CPU
		{AEA82840-02BE-4E9D-A506-FD2634D01EF1}.Debug|Any CPU.Build.0 = Debug|Any CPU
		{AEA82840-02BE-4E9D-A506-FD2634D01EF1}.Release|Any CPU.ActiveCfg = Release|Any CPU
		{AEA82840-02BE-4E9D-A506-FD2634D01EF1}.Release|Any CPU.Build.0 = Release|Any CPU
		{E0EA9B61-39D3-42F5-ADED-B79FD925E71F}.Debug|Any CPU.ActiveCfg = Debug|Any CPU
		{E0EA9B61-39D3-42F5-ADED-B79FD925E71F}.Debug|Any CPU.Build.0 = Debug|Any CPU
		{E0EA9B61-39D3-42F5-ADED-B79FD925E71F}.Release|Any CPU.ActiveCfg = Release|Any CPU
		{E0EA9B61-39D3-42F5-ADED-B79FD925E71F}.Release|Any CPU.Build.0 = Release|Any CPU
		{3D19853D-0BC0-4569-BCEE-B2DF5F591449}.Debug|Any CPU.ActiveCfg = Debug|Any CPU
		{3D19853D-0BC0-4569-BCEE-B2DF5F591449}.Debug|Any CPU.Build.0 = Debug|Any CPU
		{3D19853D-0BC0-4569-BCEE-B2DF5F591449}.Release|Any CPU.ActiveCfg = Release|Any CPU
		{3D19853D-0BC0-4569-BCEE-B2DF5F591449}.Release|Any CPU.Build.0 = Release|Any CPU
		{3E7B4D61-FE9A-406D-ADE4-E603428DCE4D}.Debug|Any CPU.ActiveCfg = Debug|Any CPU
		{3E7B4D61-FE9A-406D-ADE4-E603428DCE4D}.Debug|Any CPU.Build.0 = Debug|Any CPU
		{3E7B4D61-FE9A-406D-ADE4-E603428DCE4D}.Release|Any CPU.ActiveCfg = Release|Any CPU
		{3E7B4D61-FE9A-406D-ADE4-E603428DCE4D}.Release|Any CPU.Build.0 = Release|Any CPU
		{E84614B1-186B-4034-9565-B4E4238409AB}.Debug|Any CPU.ActiveCfg = Debug|Any CPU
		{E84614B1-186B-4034-9565-B4E4238409AB}.Debug|Any CPU.Build.0 = Debug|Any CPU
		{E84614B1-186B-4034-9565-B4E4238409AB}.Release|Any CPU.ActiveCfg = Release|Any CPU
		{E84614B1-186B-4034-9565-B4E4238409AB}.Release|Any CPU.Build.0 = Release|Any CPU
		{A0B01CDE-0E2C-4244-9CD6-322BA0CE435F}.Debug|Any CPU.ActiveCfg = Debug|Any CPU
		{A0B01CDE-0E2C-4244-9CD6-322BA0CE435F}.Debug|Any CPU.Build.0 = Debug|Any CPU
		{A0B01CDE-0E2C-4244-9CD6-322BA0CE435F}.Release|Any CPU.ActiveCfg = Release|Any CPU
		{A0B01CDE-0E2C-4244-9CD6-322BA0CE435F}.Release|Any CPU.Build.0 = Release|Any CPU
		{503E273A-39BA-420E-A602-DEDFDBF32AC8}.Debug|Any CPU.ActiveCfg = Debug|Any CPU
		{503E273A-39BA-420E-A602-DEDFDBF32AC8}.Debug|Any CPU.Build.0 = Debug|Any CPU
		{503E273A-39BA-420E-A602-DEDFDBF32AC8}.Release|Any CPU.ActiveCfg = Release|Any CPU
		{503E273A-39BA-420E-A602-DEDFDBF32AC8}.Release|Any CPU.Build.0 = Release|Any CPU
	EndGlobalSection
	GlobalSection(NestedProjects) = preSolution
		{D6501532-390E-4D8A-8650-2B8ED1E6D532} = {7438F193-5991-4E44-8B54-8C4431278291}
		{EDAABEB7-BBAE-49DA-86A8-EB3C5540B86C} = {7438F193-5991-4E44-8B54-8C4431278291}
		{B0427177-EE01-4EBB-A2E7-FF6A4B00F8F9} = {7438F193-5991-4E44-8B54-8C4431278291}
		{939D1A70-69FF-4B49-97F5-7B5358C39246} = {7438F193-5991-4E44-8B54-8C4431278291}
		{AEA82840-02BE-4E9D-A506-FD2634D01EF1} = {A865FC0F-47B5-48AD-9848-719693B6E467}
		{E0EA9B61-39D3-42F5-ADED-B79FD925E71F} = {A865FC0F-47B5-48AD-9848-719693B6E467}
		{9B73B2AB-1F22-49DE-AB92-574963BD2C4E} = {A865FC0F-47B5-48AD-9848-719693B6E467}
		{875271E5-DA4D-4FED-AAE6-E2E3D60D40CA} = {A865FC0F-47B5-48AD-9848-719693B6E467}
		{04270509-572D-4D70-B2DE-37CF8D573EAC} = {A865FC0F-47B5-48AD-9848-719693B6E467}
		{789D484D-ECF3-46B4-8DDE-6DF13074CF24} = {26033EED-BDE3-4F1F-B71D-3175D7D156DB}
		{3D19853D-0BC0-4569-BCEE-B2DF5F591449} = {26033EED-BDE3-4F1F-B71D-3175D7D156DB}
		{3E7B4D61-FE9A-406D-ADE4-E603428DCE4D} = {26033EED-BDE3-4F1F-B71D-3175D7D156DB}
		{E84614B1-186B-4034-9565-B4E4238409AB} = {26033EED-BDE3-4F1F-B71D-3175D7D156DB}
		{A0B01CDE-0E2C-4244-9CD6-322BA0CE435F} = {26033EED-BDE3-4F1F-B71D-3175D7D156DB}
		{503E273A-39BA-420E-A602-DEDFDBF32AC8} = {26033EED-BDE3-4F1F-B71D-3175D7D156DB}
	EndGlobalSection
EndGlobal
